// !$*UTF8*$!
{
	archiveVersion = 1;
	classes = {
	};
	objectVersion = 50;
	objects = {

/* Begin PBXBuildFile section */
		F6AAE8342184C3C700DE89F9 /* AppDelegate.swift in Sources */ = {isa = PBXBuildFile; fileRef = F6AAE8332184C3C700DE89F9 /* AppDelegate.swift */; };
		F6AAE8362184C3C700DE89F9 /* ViewController.swift in Sources */ = {isa = PBXBuildFile; fileRef = F6AAE8352184C3C700DE89F9 /* ViewController.swift */; };
		F6AAE8392184C3C700DE89F9 /* Main.storyboard in Resources */ = {isa = PBXBuildFile; fileRef = F6AAE8372184C3C700DE89F9 /* Main.storyboard */; };
		F6AAE83B2184C3C900DE89F9 /* Assets.xcassets in Resources */ = {isa = PBXBuildFile; fileRef = F6AAE83A2184C3C900DE89F9 /* Assets.xcassets */; };
		F6AAE83E2184C3C900DE89F9 /* LaunchScreen.storyboard in Resources */ = {isa = PBXBuildFile; fileRef = F6AAE83C2184C3C900DE89F9 /* LaunchScreen.storyboard */; };
		F6AAE8662189F2D000DE89F9 /* aboutViewController.swift in Sources */ = {isa = PBXBuildFile; fileRef = F6AAE8652189F2D000DE89F9 /* aboutViewController.swift */; };
		F6AAE868218AC73500DE89F9 /* authorViewController.swift in Sources */ = {isa = PBXBuildFile; fileRef = F6AAE867218AC73500DE89F9 /* authorViewController.swift */; };
		F6B82876218EEE54002660F3 /* BullsEye.html in Resources */ = {isa = PBXBuildFile; fileRef = F6B82875218EEE54002660F3 /* BullsEye.html */; };
/* End PBXBuildFile section */

/* Begin PBXFileReference section */
		F6AAE8302184C3C700DE89F9 /* BullsEye.app */ = {isa = PBXFileReference; explicitFileType = wrapper.application; includeInIndex = 0; path = BullsEye.app; sourceTree = BUILT_PRODUCTS_DIR; };
		F6AAE8332184C3C700DE89F9 /* AppDelegate.swift */ = {isa = PBXFileReference; lastKnownFileType = sourcecode.swift; path = AppDelegate.swift; sourceTree = "<group>"; };
		F6AAE8352184C3C700DE89F9 /* ViewController.swift */ = {isa = PBXFileReference; lastKnownFileType = sourcecode.swift; path = ViewController.swift; sourceTree = "<group>"; };
		F6AAE8382184C3C700DE89F9 /* Base */ = {isa = PBXFileReference; lastKnownFileType = file.storyboard; name = Base; path = Base.lproj/Main.storyboard; sourceTree = "<group>"; };
		F6AAE83A2184C3C900DE89F9 /* Assets.xcassets */ = {isa = PBXFileReference; lastKnownFileType = folder.assetcatalog; path = Assets.xcassets; sourceTree = "<group>"; };
		F6AAE83D2184C3C900DE89F9 /* Base */ = {isa = PBXFileReference; lastKnownFileType = file.storyboard; name = Base; path = Base.lproj/LaunchScreen.storyboard; sourceTree = "<group>"; };
		F6AAE83F2184C3C900DE89F9 /* Info.plist */ = {isa = PBXFileReference; lastKnownFileType = text.plist.xml; path = Info.plist; sourceTree = "<group>"; };
		F6AAE8652189F2D000DE89F9 /* aboutViewController.swift */ = {isa = PBXFileReference; lastKnownFileType = sourcecode.swift; path = aboutViewController.swift; sourceTree = "<group>"; };
		F6AAE867218AC73500DE89F9 /* authorViewController.swift */ = {isa = PBXFileReference; lastKnownFileType = sourcecode.swift; path = authorViewController.swift; sourceTree = "<group>"; };
		F6B82875218EEE54002660F3 /* BullsEye.html */ = {isa = PBXFileReference; fileEncoding = 4; lastKnownFileType = text.html; path = BullsEye.html; sourceTree = "<group>"; };
/* End PBXFileReference section */

/* Begin PBXFrameworksBuildPhase section */
		F6AAE82D2184C3C700DE89F9 /* Frameworks */ = {
			isa = PBXFrameworksBuildPhase;
			buildActionMask = 2147483647;
			files = (
			);
			runOnlyForDeploymentPostprocessing = 0;
		};
/* End PBXFrameworksBuildPhase section */

/* Begin PBXGroup section */
		F6AAE8272184C3C700DE89F9 = {
			isa = PBXGroup;
			children = (
				F6AAE8322184C3C700DE89F9 /* BullsEye */,
				F6AAE8312184C3C700DE89F9 /* Products */,
			);
			sourceTree = "<group>";
		};
		F6AAE8312184C3C700DE89F9 /* Products */ = {
			isa = PBXGroup;
			children = (
				F6AAE8302184C3C700DE89F9 /* BullsEye.app */,
			);
			name = Products;
			sourceTree = "<group>";
		};
		F6AAE8322184C3C700DE89F9 /* BullsEye */ = {
			isa = PBXGroup;
			children = (
				F6AAE8332184C3C700DE89F9 /* AppDelegate.swift */,
				F6AAE8352184C3C700DE89F9 /* ViewController.swift */,
				F6AAE8372184C3C700DE89F9 /* Main.storyboard */,
				F6AAE83A2184C3C900DE89F9 /* Assets.xcassets */,
				F6AAE83C2184C3C900DE89F9 /* LaunchScreen.storyboard */,
				F6AAE83F2184C3C900DE89F9 /* Info.plist */,
				F6AAE8652189F2D000DE89F9 /* aboutViewController.swift */,
				F6AAE867218AC73500DE89F9 /* authorViewController.swift */,
				F6B82875218EEE54002660F3 /* BullsEye.html */,
			);
			path = BullsEye;
			sourceTree = "<group>";
		};
/* End PBXGroup section */

/* Begin PBXNativeTarget section */
		F6AAE82F2184C3C700DE89F9 /* BullsEye */ = {
			isa = PBXNativeTarget;
			buildConfigurationList = F6AAE8422184C3C900DE89F9 /* Build configuration list for PBXNativeTarget "BullsEye" */;
			buildPhases = (
				F6AAE82C2184C3C700DE89F9 /* Sources */,
				F6AAE82D2184C3C700DE89F9 /* Frameworks */,
				F6AAE82E2184C3C700DE89F9 /* Resources */,
			);
			buildRules = (
			);
			dependencies = (
			);
			name = BullsEye;
			productName = BullsEye;
			productReference = F6AAE8302184C3C700DE89F9 /* BullsEye.app */;
			productType = "com.apple.product-type.application";
		};
/* End PBXNativeTarget section */

/* Begin PBXProject section */
		F6AAE8282184C3C700DE89F9 /* Project object */ = {
			isa = PBXProject;
			attributes = {
				LastSwiftUpdateCheck = 1000;
				LastUpgradeCheck = 1000;
				ORGANIZATIONNAME = "Mustafa Alsoffi";
				TargetAttributes = {
					F6AAE82F2184C3C700DE89F9 = {
						CreatedOnToolsVersion = 10.0;
					};
				};
			};
			buildConfigurationList = F6AAE82B2184C3C700DE89F9 /* Build configuration list for PBXProject "BullsEye" */;
			compatibilityVersion = "Xcode 9.3";
			developmentRegion = en;
			hasScannedForEncodings = 0;
			knownRegions = (
				en,
				Base,
			);
			mainGroup = F6AAE8272184C3C700DE89F9;
			productRefGroup = F6AAE8312184C3C700DE89F9 /* Products */;
			projectDirPath = "";
			projectRoot = "";
			targets = (
				F6AAE82F2184C3C700DE89F9 /* BullsEye */,
			);
		};
/* End PBXProject section */

/* Begin PBXResourcesBuildPhase section */
		F6AAE82E2184C3C700DE89F9 /* Resources */ = {
			isa = PBXResourcesBuildPhase;
			buildActionMask = 2147483647;
			files = (
				F6AAE83E2184C3C900DE89F9 /* LaunchScreen.storyboard in Resources */,
				F6B82876218EEE54002660F3 /* BullsEye.html in Resources */,
				F6AAE83B2184C3C900DE89F9 /* Assets.xcassets in Resources */,
				F6AAE8392184C3C700DE89F9 /* Main.storyboard in Resources */,
			);
			runOnlyForDeploymentPostprocessing = 0;
		};
/* End PBXResourcesBuildPhase section */

/* Begin PBXSourcesBuildPhase section */
		F6AAE82C2184C3C700DE89F9 /* Sources */ = {
			isa = PBXSourcesBuildPhase;
			buildActionMask = 2147483647;
			files = (
				F6AAE8362184C3C700DE89F9 /* ViewController.swift in Sources */,
				F6AAE8342184C3C700DE89F9 /* AppDelegate.swift in Sources */,
				F6AAE8662189F2D000DE89F9 /* aboutViewController.swift in Sources */,
				F6AAE868218AC73500DE89F9 /* authorViewController.swift in Sources */,
			);
			runOnlyForDeploymentPostprocessing = 0;
		};
/* End PBXSourcesBuildPhase section */

/* Begin PBXVariantGroup section */
		F6AAE8372184C3C700DE89F9 /* Main.storyboard */ = {
			isa = PBXVariantGroup;
			children = (
				F6AAE8382184C3C700DE89F9 /* Base */,
			);
			name = Main.storyboard;
			sourceTree = "<group>";
		};
		F6AAE83C2184C3C900DE89F9 /* LaunchScreen.storyboard */ = {
			isa = PBXVariantGroup;
			children = (
				F6AAE83D2184C3C900DE89F9 /* Base */,
			);
			name = LaunchScreen.storyboard;
			sourceTree = "<group>";
		};
/* End PBXVariantGroup section */

/* Begin XCBuildConfiguration section */
		F6AAE8402184C3C900DE89F9 /* Debug */ = {
			isa = XCBuildConfiguration;
			buildSettings = {
				ALWAYS_SEARCH_USER_PATHS = NO;
				CLANG_ANALYZER_NONNULL = YES;
				CLANG_ANALYZER_NUMBER_OBJECT_CONVERSION = YES_AGGRESSIVE;
				CLANG_CXX_LANGUAGE_STANDARD = "gnu++14";
				CLANG_CXX_LIBRARY = "libc++";
				CLANG_ENABLE_MODULES = YES;
				CLANG_ENABLE_OBJC_ARC = YES;
				CLANG_ENABLE_OBJC_WEAK = YES;
				CLANG_WARN_BLOCK_CAPTURE_AUTORELEASING = YES;
				CLANG_WARN_BOOL_CONVERSION = YES;
				CLANG_WARN_COMMA = YES;
				CLANG_WARN_CONSTANT_CONVERSION = YES;
				CLANG_WARN_DEPRECATED_OBJC_IMPLEMENTATIONS = YES;
				CLANG_WARN_DIRECT_OBJC_ISA_USAGE = YES_ERROR;
				CLANG_WARN_DOCUMENTATION_COMMENTS = YES;
				CLANG_WARN_EMPTY_BODY = YES;
				CLANG_WARN_ENUM_CONVERSION = YES;
				CLANG_WARN_INFINITE_RECURSION = YES;
				CLANG_WARN_INT_CONVERSION = YES;
				CLANG_WARN_NON_LITERAL_NULL_CONVERSION = YES;
				CLANG_WARN_OBJC_IMPLICIT_RETAIN_SELF = YES;
				CLANG_WARN_OBJC_LITERAL_CONVERSION = YES;
				CLANG_WARN_OBJC_ROOT_CLASS = YES_ERROR;
				CLANG_WARN_RANGE_LOOP_ANALYSIS = YES;
				CLANG_WARN_STRICT_PROTOTYPES = YES;
				CLANG_WARN_SUSPICIOUS_MOVE = YES;
				CLANG_WARN_UNGUARDED_AVAILABILITY = YES_AGGRESSIVE;
				CLANG_WARN_UNREACHABLE_CODE = YES;
				CLANG_WARN__DUPLICATE_METHOD_MATCH = YES;
				CODE_SIGN_IDENTITY = "iPhone Developer";
				COPY_PHASE_STRIP = NO;
				DEBUG_INFORMATION_FORMAT = dwarf;
				ENABLE_STRICT_OBJC_MSGSEND = YES;
				ENABLE_TESTABILITY = YES;
				GCC_C_LANGUAGE_STANDARD = gnu11;
				GCC_DYNAMIC_NO_PIC = NO;
				GCC_NO_COMMON_BLOCKS = YES;
				GCC_OPTIMIZATION_LEVEL = 0;
				GCC_PREPROCESSOR_DEFINITIONS = (
					"DEBUG=1",
					"$(inherited)",
				);
				GCC_WARN_64_TO_32_BIT_CONVERSION = YES;
				GCC_WARN_ABOUT_RETURN_TYPE = YES_ERROR;
				GCC_WARN_UNDECLARED_SELECTOR = YES;
				GCC_WARN_UNINITIALIZED_AUTOS = YES_AGGRESSIVE;
				GCC_WARN_UNUSED_FUNCTION = YES;
				GCC_WARN_UNUSED_VARIABLE = YES;
				IPHONEOS_DEPLOYMENT_TARGET = 12.0;
				MTL_ENABLE_DEBUG_INFO = INCLUDE_SOURCE;
				MTL_FAST_MATH = YES;
				ONLY_ACTIVE_ARCH = YES;
				SDKROOT = iphoneos;
				SWIFT_ACTIVE_COMPILATION_CONDITIONS = DEBUG;
				SWIFT_OPTIMIZATION_LEVEL = "-Onone";
			};
			name = Debug;
		};
		F6AAE8412184C3C900DE89F9 /* Release */ = {
			isa = XCBuildConfiguration;
			buildSettings = {
				ALWAYS_SEARCH_USER_PATHS = NO;
				CLANG_ANALYZER_NONNULL = YES;
				CLANG_ANALYZER_NUMBER_OBJECT_CONVERSION = YES_AGGRESSIVE;
				CLANG_CXX_LANGUAGE_STANDARD = "gnu++14";
				CLANG_CXX_LIBRARY = "libc++";
				CLANG_ENABLE_MODULES = YES;
				CLANG_ENABLE_OBJC_ARC = YES;
				CLANG_ENABLE_OBJC_WEAK = YES;
				CLANG_WARN_BLOCK_CAPTURE_AUTORELEASING = YES;
				CLANG_WARN_BOOL_CONVERSION = YES;
				CLANG_WARN_COMMA = YES;
				CLANG_WARN_CONSTANT_CONVERSION = YES;
				CLANG_WARN_DEPRECATED_OBJC_IMPLEMENTATIONS = YES;
				CLANG_WARN_DIRECT_OBJC_ISA_USAGE = YES_ERROR;
				CLANG_WARN_DOCUMENTATION_COMMENTS = YES;
				CLANG_WARN_EMPTY_BODY = YES;
				CLANG_WARN_ENUM_CONVERSION = YES;
				CLANG_WARN_INFINITE_RECURSION = YES;
				CLANG_WARN_INT_CONVERSION = YES;
				CLANG_WARN_NON_LITERAL_NULL_CONVERSION = YES;
				CLANG_WARN_OBJC_IMPLICIT_RETAIN_SELF = YES;
				CLANG_WARN_OBJC_LITERAL_CONVERSION = YES;
				CLANG_WARN_OBJC_ROOT_CLASS = YES_ERROR;
				CLANG_WARN_RANGE_LOOP_ANALYSIS = YES;
				CLANG_WARN_STRICT_PROTOTYPES = YES;
				CLANG_WARN_SUSPICIOUS_MOVE = YES;
				CLANG_WARN_UNGUARDED_AVAILABILITY = YES_AGGRESSIVE;
				CLANG_WARN_UNREACHABLE_CODE = YES;
				CLANG_WARN__DUPLICATE_METHOD_MATCH = YES;
				CODE_SIGN_IDENTITY = "iPhone Developer";
				COPY_PHASE_STRIP = NO;
				DEBUG_INFORMATION_FORMAT = "dwarf-with-dsym";
				ENABLE_NS_ASSERTIONS = NO;
				ENABLE_STRICT_OBJC_MSGSEND = YES;
				GCC_C_LANGUAGE_STANDARD = gnu11;
				GCC_NO_COMMON_BLOCKS = YES;
				GCC_WARN_64_TO_32_BIT_CONVERSION = YES;
				GCC_WARN_ABOUT_RETURN_TYPE = YES_ERROR;
				GCC_WARN_UNDECLARED_SELECTOR = YES;
				GCC_WARN_UNINITIALIZED_AUTOS = YES_AGGRESSIVE;
				GCC_WARN_UNUSED_FUNCTION = YES;
				GCC_WARN_UNUSED_VARIABLE = YES;
				IPHONEOS_DEPLOYMENT_TARGET = 12.0;
				MTL_ENABLE_DEBUG_INFO = NO;
				MTL_FAST_MATH = YES;
				SDKROOT = iphoneos;
				SWIFT_COMPILATION_MODE = wholemodule;
				SWIFT_OPTIMIZATION_LEVEL = "-O";
				VALIDATE_PRODUCT = YES;
			};
			name = Release;
		};
		F6AAE8432184C3C900DE89F9 /* Debug */ = {
			isa = XCBuildConfiguration;
			buildSettings = {
				ASSETCATALOG_COMPILER_APPICON_NAME = AppIcon;
				CODE_SIGN_STYLE = Automatic;
				DEVELOPMENT_TEAM = B7HVRPB4TW;
				INFOPLIST_FILE = BullsEye/Info.plist;
				LD_RUNPATH_SEARCH_PATHS = (
					"$(inherited)",
					"@executable_path/Frameworks",
				);
				PRODUCT_BUNDLE_IDENTIFIER = com.mustafa.BullsEye;
				PRODUCT_NAME = "$(TARGET_NAME)";
				SWIFT_VERSION = 4.2;
				TARGETED_DEVICE_FAMILY = "1,2";
			};
			name = Debug;
		};
		F6AAE8442184C3C900DE89F9 /* Release */ = {
			isa = XCBuildConfiguration;
			buildSettings = {
				ASSETCATALOG_COMPILER_APPICON_NAME = AppIcon;
				CODE_SIGN_STYLE = Automatic;
				DEVELOPMENT_TEAM = B7HVRPB4TW;
				INFOPLIST_FILE = BullsEye/Info.plist;
				LD_RUNPATH_SEARCH_PATHS = (
					"$(inherited)",
					"@executable_path/Frameworks",
				);
				PRODUCT_BUNDLE_IDENTIFIER = com.mustafa.BullsEye;
				PRODUCT_NAME = "$(TARGET_NAME)";
				SWIFT_VERSION = 4.2;
				TARGETED_DEVICE_FAMILY = "1,2";
			};
			name = Release;
		};
/* End XCBuildConfiguration section */

/* Begin XCConfigurationList section */
		F6AAE82B2184C3C700DE89F9 /* Build configuration list for PBXProject "BullsEye" */ = {
			isa = XCConfigurationList;
			buildConfigurations = (
				F6AAE8402184C3C900DE89F9 /* Debug */,
				F6AAE8412184C3C900DE89F9 /* Release */,
			);
			defaultConfigurationIsVisible = 0;
			defaultConfigurationName = Release;
		};
		F6AAE8422184C3C900DE89F9 /* Build configuration list for PBXNativeTarget "BullsEye" */ = {
			isa = XCConfigurationList;
			buildConfigurations = (
				F6AAE8432184C3C900DE89F9 /* Debug */,
				F6AAE8442184C3C900DE89F9 /* Release */,
			);
			defaultConfigurationIsVisible = 0;
			defaultConfigurationName = Release;
		};
/* End XCConfigurationList section */
	};
	rootObject = F6AAE8282184C3C700DE89F9 /* Project object */;
}
